// !$*UTF8*$!
{
	archiveVersion = 1;
	classes = {
	};
	objectVersion = 48;
	objects = {

/* Begin PBXBuildFile section */
		7600CB242023CABD002A0CAB /* CodePad.swift in Sources */ = {isa = PBXBuildFile; fileRef = 7600CB232023CABD002A0CAB /* CodePad.swift */; };
		762422F420F1BC8A0028FD10 /* Reminder.swift in Sources */ = {isa = PBXBuildFile; fileRef = 762422F320F1BC8A0028FD10 /* Reminder.swift */; };
		762422F720F3104D0028FD10 /* kemptyslot.swift in Sources */ = {isa = PBXBuildFile; fileRef = 762422F620F3104D0028FD10 /* kemptyslot.swift */; };
		7624230720F58DD20028FD10 /* LongestUnivaluePath.swift in Sources */ = {isa = PBXBuildFile; fileRef = 7624230620F58DD20028FD10 /* LongestUnivaluePath.swift */; };
		7641668020021E5600214984 /* main.swift in Sources */ = {isa = PBXBuildFile; fileRef = 7641667F20021E5600214984 /* main.swift */; };
		76612FDF200A130100E5A3B2 /* Tree.swift in Sources */ = {isa = PBXBuildFile; fileRef = 76612FDE200A130100E5A3B2 /* Tree.swift */; };
		76612FE2200B916F00E5A3B2 /* Graph.swift in Sources */ = {isa = PBXBuildFile; fileRef = 76612FE1200B916F00E5A3B2 /* Graph.swift */; };
		76612FE5200D382400E5A3B2 /* Fibonacci.swift in Sources */ = {isa = PBXBuildFile; fileRef = 76612FE4200D382400E5A3B2 /* Fibonacci.swift */; };
		767BABBD201B11120009CE34 /* Subsets.swift in Sources */ = {isa = PBXBuildFile; fileRef = 767BABBC201B11120009CE34 /* Subsets.swift */; };
		768860AD20100BD800A853FA /* DijkstraShortestPath.swift in Sources */ = {isa = PBXBuildFile; fileRef = 768860AC20100BD800A853FA /* DijkstraShortestPath.swift */; };
		769A2B4E20D9A09E004A57A2 /* RepeatedStringMatch.swift in Sources */ = {isa = PBXBuildFile; fileRef = 769A2B4D20D9A09E004A57A2 /* RepeatedStringMatch.swift */; };
		76AC05522018201C0094EA77 /* SW3.swift in Sources */ = {isa = PBXBuildFile; fileRef = 76AC05512018201C0094EA77 /* SW3.swift */; };
		76CD6C5520037CDA00BD2B16 /* Heap.swift in Sources */ = {isa = PBXBuildFile; fileRef = 76CD6C5420037CDA00BD2B16 /* Heap.swift */; };
		76D95CEF201BBA9D00CD3374 /* DecodeWays.swift in Sources */ = {isa = PBXBuildFile; fileRef = 76D95CEE201BBA9D00CD3374 /* DecodeWays.swift */; };
		76F7B50F2016931700C4CD12 /* Sorting.swift in Sources */ = {isa = PBXBuildFile; fileRef = 76F7B50E2016931700C4CD12 /* Sorting.swift */; };
/* End PBXBuildFile section */

/* Begin PBXCopyFilesBuildPhase section */
		7641667A20021E5600214984 /* CopyFiles */ = {
			isa = PBXCopyFilesBuildPhase;
			buildActionMask = 2147483647;
			dstPath = /usr/share/man/man1/;
			dstSubfolderSpec = 0;
			files = (
			);
			runOnlyForDeploymentPostprocessing = 1;
		};
/* End PBXCopyFilesBuildPhase section */

/* Begin PBXFileReference section */
		7600CB232023CABD002A0CAB /* CodePad.swift */ = {isa = PBXFileReference; lastKnownFileType = sourcecode.swift; path = CodePad.swift; sourceTree = "<group>"; };
		762422F320F1BC8A0028FD10 /* Reminder.swift */ = {isa = PBXFileReference; lastKnownFileType = sourcecode.swift; path = Reminder.swift; sourceTree = "<group>"; };
		762422F620F3104D0028FD10 /* kemptyslot.swift */ = {isa = PBXFileReference; lastKnownFileType = sourcecode.swift; path = kemptyslot.swift; sourceTree = "<group>"; };
		7624230620F58DD20028FD10 /* LongestUnivaluePath.swift */ = {isa = PBXFileReference; lastKnownFileType = sourcecode.swift; path = LongestUnivaluePath.swift; sourceTree = "<group>"; };
		7641667C20021E5600214984 /* Whetstone */ = {isa = PBXFileReference; explicitFileType = "compiled.mach-o.executable"; includeInIndex = 0; path = Whetstone; sourceTree = BUILT_PRODUCTS_DIR; };
		7641667F20021E5600214984 /* main.swift */ = {isa = PBXFileReference; lastKnownFileType = sourcecode.swift; path = main.swift; sourceTree = "<group>"; };
		76612FDE200A130100E5A3B2 /* Tree.swift */ = {isa = PBXFileReference; lastKnownFileType = sourcecode.swift; path = Tree.swift; sourceTree = "<group>"; };
		76612FE1200B916F00E5A3B2 /* Graph.swift */ = {isa = PBXFileReference; lastKnownFileType = sourcecode.swift; path = Graph.swift; sourceTree = "<group>"; };
		76612FE4200D382400E5A3B2 /* Fibonacci.swift */ = {isa = PBXFileReference; lastKnownFileType = sourcecode.swift; path = Fibonacci.swift; sourceTree = "<group>"; };
		767BABBC201B11120009CE34 /* Subsets.swift */ = {isa = PBXFileReference; lastKnownFileType = sourcecode.swift; path = Subsets.swift; sourceTree = "<group>"; };
		768860AC20100BD800A853FA /* DijkstraShortestPath.swift */ = {isa = PBXFileReference; lastKnownFileType = sourcecode.swift; path = DijkstraShortestPath.swift; sourceTree = "<group>"; };
		769A2B4D20D9A09E004A57A2 /* RepeatedStringMatch.swift */ = {isa = PBXFileReference; lastKnownFileType = sourcecode.swift; path = RepeatedStringMatch.swift; sourceTree = "<group>"; };
		76AC05512018201C0094EA77 /* SW3.swift */ = {isa = PBXFileReference; lastKnownFileType = sourcecode.swift; path = SW3.swift; sourceTree = "<group>"; };
		76CD6C5420037CDA00BD2B16 /* Heap.swift */ = {isa = PBXFileReference; lastKnownFileType = sourcecode.swift; path = Heap.swift; sourceTree = "<group>"; };
		76D95CEE201BBA9D00CD3374 /* DecodeWays.swift */ = {isa = PBXFileReference; lastKnownFileType = sourcecode.swift; path = DecodeWays.swift; sourceTree = "<group>"; };
		76F7B50E2016931700C4CD12 /* Sorting.swift */ = {isa = PBXFileReference; lastKnownFileType = sourcecode.swift; path = Sorting.swift; sourceTree = "<group>"; };
/* End PBXFileReference section */

/* Begin PBXFrameworksBuildPhase section */
		7641667920021E5600214984 /* Frameworks */ = {
			isa = PBXFrameworksBuildPhase;
			buildActionMask = 2147483647;
			files = (
			);
			runOnlyForDeploymentPostprocessing = 0;
		};
/* End PBXFrameworksBuildPhase section */

/* Begin PBXGroup section */
		762422F520F3103C0028FD10 /* K Empty Slots */ = {
			isa = PBXGroup;
			children = (
				762422F620F3104D0028FD10 /* kemptyslot.swift */,
			);
			path = "K Empty Slots";
			sourceTree = "<group>";
		};
		7624230520F58DAC0028FD10 /* Longest Univalue Path  */ = {
			isa = PBXGroup;
			children = (
				7624230620F58DD20028FD10 /* LongestUnivaluePath.swift */,
			);
			path = "Longest Univalue Path ";
			sourceTree = "<group>";
		};
		7641667320021E5500214984 = {
			isa = PBXGroup;
			children = (
				762422F320F1BC8A0028FD10 /* Reminder.swift */,
				7641667E20021E5600214984 /* Whetstone */,
				7641667D20021E5600214984 /* Products */,
			);
			sourceTree = "<group>";
		};
		7641667D20021E5600214984 /* Products */ = {
			isa = PBXGroup;
			children = (
				7641667C20021E5600214984 /* Whetstone */,
			);
			name = Products;
			sourceTree = "<group>";
		};
		7641667E20021E5600214984 /* Whetstone */ = {
			isa = PBXGroup;
			children = (
				76AC0550201820110094EA77 /* Mock */,
				76F7B50D2016930300C4CD12 /* Sort */,
				76612FE3200CEC7000E5A3B2 /* Fibonacci */,
				76612FE0200B8EDD00E5A3B2 /* Graph */,
				76612FDD200A12F400E5A3B2 /* Tree */,
				76CD6C5320037C8D00BD2B16 /* Heap */,
				7641667F20021E5600214984 /* main.swift */,
			);
			path = Whetstone;
			sourceTree = "<group>";
		};
		76612FDD200A12F400E5A3B2 /* Tree */ = {
			isa = PBXGroup;
			children = (
				76612FDE200A130100E5A3B2 /* Tree.swift */,
			);
			path = Tree;
			sourceTree = "<group>";
		};
		76612FE0200B8EDD00E5A3B2 /* Graph */ = {
			isa = PBXGroup;
			children = (
				76612FE1200B916F00E5A3B2 /* Graph.swift */,
				768860AC20100BD800A853FA /* DijkstraShortestPath.swift */,
			);
			path = Graph;
			sourceTree = "<group>";
		};
		76612FE3200CEC7000E5A3B2 /* Fibonacci */ = {
			isa = PBXGroup;
			children = (
				76612FE4200D382400E5A3B2 /* Fibonacci.swift */,
			);
			path = Fibonacci;
			sourceTree = "<group>";
		};
		767BABBB201B10F90009CE34 /* Subset */ = {
			isa = PBXGroup;
			children = (
				767BABBC201B11120009CE34 /* Subsets.swift */,
			);
			path = Subset;
			sourceTree = "<group>";
		};
		769A2B4A20D835CB004A57A2 /*   Repeated String Match */ = {
			isa = PBXGroup;
			children = (
				769A2B4D20D9A09E004A57A2 /* RepeatedStringMatch.swift */,
			);
			path = "  Repeated String Match";
			sourceTree = "<group>";
		};
		76AC0550201820110094EA77 /* Mock */ = {
			isa = PBXGroup;
			children = (
				7624230520F58DAC0028FD10 /* Longest Univalue Path  */,
				762422F520F3103C0028FD10 /* K Empty Slots */,
				769A2B4A20D835CB004A57A2 /*   Repeated String Match */,
				76D95CED201BBA8300CD3374 /* Decode Ways */,
				767BABBB201B10F90009CE34 /* Subset */,
				76AC05512018201C0094EA77 /* SW3.swift */,
				7600CB232023CABD002A0CAB /* CodePad.swift */,
			);
			path = Mock;
			sourceTree = "<group>";
		};
		76CD6C5320037C8D00BD2B16 /* Heap */ = {
			isa = PBXGroup;
			children = (
				76CD6C5420037CDA00BD2B16 /* Heap.swift */,
			);
			path = Heap;
			sourceTree = "<group>";
		};
		76D95CED201BBA8300CD3374 /* Decode Ways */ = {
			isa = PBXGroup;
			children = (
				76D95CEE201BBA9D00CD3374 /* DecodeWays.swift */,
			);
			path = "Decode Ways";
			sourceTree = "<group>";
		};
		76F7B50D2016930300C4CD12 /* Sort */ = {
			isa = PBXGroup;
			children = (
				76F7B50E2016931700C4CD12 /* Sorting.swift */,
			);
			path = Sort;
			sourceTree = "<group>";
		};
/* End PBXGroup section */

/* Begin PBXNativeTarget section */
		7641667B20021E5600214984 /* Whetstone */ = {
			isa = PBXNativeTarget;
			buildConfigurationList = 7641668320021E5600214984 /* Build configuration list for PBXNativeTarget "Whetstone" */;
			buildPhases = (
				7641667820021E5600214984 /* Sources */,
				7641667920021E5600214984 /* Frameworks */,
				7641667A20021E5600214984 /* CopyFiles */,
			);
			buildRules = (
			);
			dependencies = (
			);
			name = Whetstone;
			productName = Whetstone;
			productReference = 7641667C20021E5600214984 /* Whetstone */;
			productType = "com.apple.product-type.tool";
		};
/* End PBXNativeTarget section */

/* Begin PBXProject section */
		7641667420021E5500214984 /* Project object */ = {
			isa = PBXProject;
			attributes = {
				LastSwiftUpdateCheck = 0920;
				LastUpgradeCheck = 0920;
				ORGANIZATIONNAME = "Peter Fong";
				TargetAttributes = {
					7641667B20021E5600214984 = {
						CreatedOnToolsVersion = 9.2;
						ProvisioningStyle = Automatic;
					};
				};
			};
			buildConfigurationList = 7641667720021E5500214984 /* Build configuration list for PBXProject "Whetstone" */;
			compatibilityVersion = "Xcode 8.0";
			developmentRegion = en;
			hasScannedForEncodings = 0;
			knownRegions = (
				en,
			);
			mainGroup = 7641667320021E5500214984;
			productRefGroup = 7641667D20021E5600214984 /* Products */;
			projectDirPath = "";
			projectRoot = "";
			targets = (
				7641667B20021E5600214984 /* Whetstone */,
			);
		};
/* End PBXProject section */

/* Begin PBXSourcesBuildPhase section */
		7641667820021E5600214984 /* Sources */ = {
			isa = PBXSourcesBuildPhase;
			buildActionMask = 2147483647;
			files = (
				767BABBD201B11120009CE34 /* Subsets.swift in Sources */,
				76612FE5200D382400E5A3B2 /* Fibonacci.swift in Sources */,
				769A2B4E20D9A09E004A57A2 /* RepeatedStringMatch.swift in Sources */,
				768860AD20100BD800A853FA /* DijkstraShortestPath.swift in Sources */,
				76612FE2200B916F00E5A3B2 /* Graph.swift in Sources */,
				76612FDF200A130100E5A3B2 /* Tree.swift in Sources */,
				76F7B50F2016931700C4CD12 /* Sorting.swift in Sources */,
				762422F720F3104D0028FD10 /* kemptyslot.swift in Sources */,
				76AC05522018201C0094EA77 /* SW3.swift in Sources */,
				76D95CEF201BBA9D00CD3374 /* DecodeWays.swift in Sources */,
				762422F420F1BC8A0028FD10 /* Reminder.swift in Sources */,
				7624230720F58DD20028FD10 /* LongestUnivaluePath.swift in Sources */,
				7641668020021E5600214984 /* main.swift in Sources */,
				76CD6C5520037CDA00BD2B16 /* Heap.swift in Sources */,
				7600CB242023CABD002A0CAB /* CodePad.swift in Sources */,
			);
			runOnlyForDeploymentPostprocessing = 0;
		};
/* End PBXSourcesBuildPhase section */

/* Begin XCBuildConfiguration section */
		7641668120021E5600214984 /* Debug */ = {
			isa = XCBuildConfiguration;
			buildSettings = {
				ALWAYS_SEARCH_USER_PATHS = NO;
				CLANG_ANALYZER_NONNULL = YES;
				CLANG_ANALYZER_NUMBER_OBJECT_CONVERSION = YES_AGGRESSIVE;
				CLANG_CXX_LANGUAGE_STANDARD = "gnu++14";
				CLANG_CXX_LIBRARY = "libc++";
				CLANG_ENABLE_MODULES = YES;
				CLANG_ENABLE_OBJC_ARC = YES;
				CLANG_WARN_BLOCK_CAPTURE_AUTORELEASING = YES;
				CLANG_WARN_BOOL_CONVERSION = YES;
				CLANG_WARN_COMMA = YES;
				CLANG_WARN_CONSTANT_CONVERSION = YES;
				CLANG_WARN_DIRECT_OBJC_ISA_USAGE = YES_ERROR;
				CLANG_WARN_DOCUMENTATION_COMMENTS = YES;
				CLANG_WARN_EMPTY_BODY = YES;
				CLANG_WARN_ENUM_CONVERSION = YES;
				CLANG_WARN_INFINITE_RECURSION = YES;
				CLANG_WARN_INT_CONVERSION = YES;
				CLANG_WARN_NON_LITERAL_NULL_CONVERSION = YES;
				CLANG_WARN_OBJC_LITERAL_CONVERSION = YES;
				CLANG_WARN_OBJC_ROOT_CLASS = YES_ERROR;
				CLANG_WARN_RANGE_LOOP_ANALYSIS = YES;
				CLANG_WARN_STRICT_PROTOTYPES = YES;
				CLANG_WARN_SUSPICIOUS_MOVE = YES;
				CLANG_WARN_UNGUARDED_AVAILABILITY = YES_AGGRESSIVE;
				CLANG_WARN_UNREACHABLE_CODE = YES;
				CLANG_WARN__DUPLICATE_METHOD_MATCH = YES;
				CODE_SIGN_IDENTITY = "-";
				COPY_PHASE_STRIP = NO;
				DEBUG_INFORMATION_FORMAT = dwarf;
				ENABLE_STRICT_OBJC_MSGSEND = YES;
				ENABLE_TESTABILITY = YES;
				GCC_C_LANGUAGE_STANDARD = gnu11;
				GCC_DYNAMIC_NO_PIC = NO;
				GCC_NO_COMMON_BLOCKS = YES;
				GCC_OPTIMIZATION_LEVEL = 0;
				GCC_PREPROCESSOR_DEFINITIONS = (
					"DEBUG=1",
					"$(inherited)",
				);
				GCC_WARN_64_TO_32_BIT_CONVERSION = YES;
				GCC_WARN_ABOUT_RETURN_TYPE = YES_ERROR;
				GCC_WARN_UNDECLARED_SELECTOR = YES;
				GCC_WARN_UNINITIALIZED_AUTOS = YES_AGGRESSIVE;
				GCC_WARN_UNUSED_FUNCTION = YES;
				GCC_WARN_UNUSED_VARIABLE = YES;
				MACOSX_DEPLOYMENT_TARGET = 10.13;
				MTL_ENABLE_DEBUG_INFO = YES;
				ONLY_ACTIVE_ARCH = YES;
				SDKROOT = macosx;
				SWIFT_ACTIVE_COMPILATION_CONDITIONS = DEBUG;
				SWIFT_OPTIMIZATION_LEVEL = "-Onone";
			};
			name = Debug;
		};
		7641668220021E5600214984 /* Release */ = {
			isa = XCBuildConfiguration;
			buildSettings = {
				ALWAYS_SEARCH_USER_PATHS = NO;
				CLANG_ANALYZER_NONNULL = YES;
				CLANG_ANALYZER_NUMBER_OBJECT_CONVERSION = YES_AGGRESSIVE;
				CLANG_CXX_LANGUAGE_STANDARD = "gnu++14";
				CLANG_CXX_LIBRARY = "libc++";
				CLANG_ENABLE_MODULES = YES;
				CLANG_ENABLE_OBJC_ARC = YES;
				CLANG_WARN_BLOCK_CAPTURE_AUTORELEASING = YES;
				CLANG_WARN_BOOL_CONVERSION = YES;
				CLANG_WARN_COMMA = YES;
				CLANG_WARN_CONSTANT_CONVERSION = YES;
				CLANG_WARN_DIRECT_OBJC_ISA_USAGE = YES_ERROR;
				CLANG_WARN_DOCUMENTATION_COMMENTS = YES;
				CLANG_WARN_EMPTY_BODY = YES;
				CLANG_WARN_ENUM_CONVERSION = YES;
				CLANG_WARN_INFINITE_RECURSION = YES;
				CLANG_WARN_INT_CONVERSION = YES;
				CLANG_WARN_NON_LITERAL_NULL_CONVERSION = YES;
				CLANG_WARN_OBJC_LITERAL_CONVERSION = YES;
				CLANG_WARN_OBJC_ROOT_CLASS = YES_ERROR;
				CLANG_WARN_RANGE_LOOP_ANALYSIS = YES;
				CLANG_WARN_STRICT_PROTOTYPES = YES;
				CLANG_WARN_SUSPICIOUS_MOVE = YES;
				CLANG_WARN_UNGUARDED_AVAILABILITY = YES_AGGRESSIVE;
				CLANG_WARN_UNREACHABLE_CODE = YES;
				CLANG_WARN__DUPLICATE_METHOD_MATCH = YES;
				CODE_SIGN_IDENTITY = "-";
				COPY_PHASE_STRIP = NO;
				DEBUG_INFORMATION_FORMAT = "dwarf-with-dsym";
				ENABLE_NS_ASSERTIONS = NO;
				ENABLE_STRICT_OBJC_MSGSEND = YES;
				GCC_C_LANGUAGE_STANDARD = gnu11;
				GCC_NO_COMMON_BLOCKS = YES;
				GCC_WARN_64_TO_32_BIT_CONVERSION = YES;
				GCC_WARN_ABOUT_RETURN_TYPE = YES_ERROR;
				GCC_WARN_UNDECLARED_SELECTOR = YES;
				GCC_WARN_UNINITIALIZED_AUTOS = YES_AGGRESSIVE;
				GCC_WARN_UNUSED_FUNCTION = YES;
				GCC_WARN_UNUSED_VARIABLE = YES;
				MACOSX_DEPLOYMENT_TARGET = 10.13;
				MTL_ENABLE_DEBUG_INFO = NO;
				SDKROOT = macosx;
				SWIFT_OPTIMIZATION_LEVEL = "-Owholemodule";
			};
			name = Release;
		};
		7641668420021E5600214984 /* Debug */ = {
			isa = XCBuildConfiguration;
			buildSettings = {
				CODE_SIGN_STYLE = Automatic;
				PRODUCT_NAME = "$(TARGET_NAME)";
				SWIFT_VERSION = 4.0;
			};
			name = Debug;
		};
		7641668520021E5600214984 /* Release */ = {
			isa = XCBuildConfiguration;
			buildSettings = {
				CODE_SIGN_STYLE = Automatic;
				PRODUCT_NAME = "$(TARGET_NAME)";
				SWIFT_VERSION = 4.0;
			};
			name = Release;
		};
/* End XCBuildConfiguration section */

/* Begin XCConfigurationList section */
		7641667720021E5500214984 /* Build configuration list for PBXProject "Whetstone" */ = {
			isa = XCConfigurationList;
			buildConfigurations = (
				7641668120021E5600214984 /* Debug */,
				7641668220021E5600214984 /* Release */,
			);
			defaultConfigurationIsVisible = 0;
			defaultConfigurationName = Release;
		};
		7641668320021E5600214984 /* Build configuration list for PBXNativeTarget "Whetstone" */ = {
			isa = XCConfigurationList;
			buildConfigurations = (
				7641668420021E5600214984 /* Debug */,
				7641668520021E5600214984 /* Release */,
			);
			defaultConfigurationIsVisible = 0;
			defaultConfigurationName = Release;
		};
/* End XCConfigurationList section */
	};
	rootObject = 7641667420021E5500214984 /* Project object */;
}
